
Microsoft Visual Studio Solution File, Format Version 12.00
# Visual Studio 15
VisualStudioVersion = 15.0.28307.168
MinimumVisualStudioVersion = 10.0.40219.1
Project("{FAE04EC0-301F-11D3-BF4B-00C04F79EFBC}") = "Bellbird", "Bellbird\Bellbird.csproj", "{1BFF5C72-61CA-4481-93CA-11219A2A7480}"
EndProject
Project("{FAE04EC0-301F-11D3-BF4B-00C04F79EFBC}") = "XBellbirdUnitTests", "XBellbirdUnitTests\XBellbirdUnitTests.csproj", "{1DDED739-A9C4-4FBB-A8FD-66F651AD981D}"
EndProject
Global
	GlobalSection(SolutionConfigurationPlatforms) = preSolution
		Debug|Any CPU = Debug|Any CPU
		Release|Any CPU = Release|Any CPU
	EndGlobalSection
	GlobalSection(ProjectConfigurationPlatforms) = postSolution
		{1BFF5C72-61CA-4481-93CA-11219A2A7480}.Debug|Any CPU.ActiveCfg = Debug|Any CPU
		{1BFF5C72-61CA-4481-93CA-11219A2A7480}.Debug|Any CPU.Build.0 = Debug|Any CPU
		{1BFF5C72-61CA-4481-93CA-11219A2A7480}.Release|Any CPU.ActiveCfg = Release|Any CPU
		{1BFF5C72-61CA-4481-93CA-11219A2A7480}.Release|Any CPU.Build.0 = Release|Any CPU
		{1DDED739-A9C4-4FBB-A8FD-66F651AD981D}.Debug|Any CPU.ActiveCfg = Debug|Any CPU
		{1DDED739-A9C4-4FBB-A8FD-66F651AD981D}.Debug|Any CPU.Build.0 = Debug|Any CPU
		{1DDED739-A9C4-4FBB-A8FD-66F651AD981D}.Release|Any CPU.ActiveCfg = Release|Any CPU
		{1DDED739-A9C4-4FBB-A8FD-66F651AD981D}.Release|Any CPU.Build.0 = Release|Any CPU
	EndGlobalSection
	GlobalSection(SolutionProperties) = preSolution
		HideSolutionNode = FALSE
	EndGlobalSection
	GlobalSection(ExtensibilityGlobals) = postSolution
		SolutionGuid = {E37A1086-7B72-4D9F-8F4E-A58570B2FCBE}
	EndGlobalSection
EndGlobal
